// !$*UTF8*$!
{
	archiveVersion = 1;
	classes = {
	};
	objectVersion = 46;
	objects = {

/* Begin PBXBuildFile section */
		449331FE1AF017BA0032B29E /* AppDelegate.swift in Sources */ = {isa = PBXBuildFile; fileRef = 449331FD1AF017BA0032B29E /* AppDelegate.swift */; };
		449332011AF017BA0032B29E /* LoginProject.xcdatamodeld in Sources */ = {isa = PBXBuildFile; fileRef = 449331FF1AF017BA0032B29E /* LoginProject.xcdatamodeld */; };
		449332061AF017BA0032B29E /* Main.storyboard in Resources */ = {isa = PBXBuildFile; fileRef = 449332041AF017BA0032B29E /* Main.storyboard */; };
		449332081AF017BA0032B29E /* Images.xcassets in Resources */ = {isa = PBXBuildFile; fileRef = 449332071AF017BA0032B29E /* Images.xcassets */; };
		4493320B1AF017BA0032B29E /* LaunchScreen.xib in Resources */ = {isa = PBXBuildFile; fileRef = 449332091AF017BA0032B29E /* LaunchScreen.xib */; };
		449332171AF017BA0032B29E /* LoginProjectTests.swift in Sources */ = {isa = PBXBuildFile; fileRef = 449332161AF017BA0032B29E /* LoginProjectTests.swift */; };
		449332211AF018170032B29E /* LoginViewController.swift in Sources */ = {isa = PBXBuildFile; fileRef = 449332201AF018170032B29E /* LoginViewController.swift */; };
		449332231AF0181F0032B29E /* CreateAccountViewController.swift in Sources */ = {isa = PBXBuildFile; fileRef = 449332221AF0181F0032B29E /* CreateAccountViewController.swift */; };
		449332251AF0183A0032B29E /* MainViewController.swift in Sources */ = {isa = PBXBuildFile; fileRef = 449332241AF0183A0032B29E /* MainViewController.swift */; };
		449C98C01AF052D60039A749 /* LocalAuthentication.framework in Frameworks */ = {isa = PBXBuildFile; fileRef = 449C98BF1AF052D60039A749 /* LocalAuthentication.framework */; };
		449C98C21AF055F90039A749 /* Authenticate.swift in Sources */ = {isa = PBXBuildFile; fileRef = 449C98C11AF055F90039A749 /* Authenticate.swift */; };
/* End PBXBuildFile section */

/* Begin PBXContainerItemProxy section */
		449332111AF017BA0032B29E /* PBXContainerItemProxy */ = {
			isa = PBXContainerItemProxy;
			containerPortal = 449331F01AF017B90032B29E /* Project object */;
			proxyType = 1;
			remoteGlobalIDString = 449331F71AF017B90032B29E;
			remoteInfo = LoginProject;
		};
/* End PBXContainerItemProxy section */

/* Begin PBXFileReference section */
		449331F81AF017B90032B29E /* LoginProject.app */ = {isa = PBXFileReference; explicitFileType = wrapper.application; includeInIndex = 0; path = LoginProject.app; sourceTree = BUILT_PRODUCTS_DIR; };
		449331FC1AF017B90032B29E /* Info.plist */ = {isa = PBXFileReference; lastKnownFileType = text.plist.xml; path = Info.plist; sourceTree = "<group>"; };
		449331FD1AF017BA0032B29E /* AppDelegate.swift */ = {isa = PBXFileReference; lastKnownFileType = sourcecode.swift; path = AppDelegate.swift; sourceTree = "<group>"; };
		449332001AF017BA0032B29E /* LoginProject.xcdatamodel */ = {isa = PBXFileReference; lastKnownFileType = wrapper.xcdatamodel; path = LoginProject.xcdatamodel; sourceTree = "<group>"; };
		449332051AF017BA0032B29E /* Base */ = {isa = PBXFileReference; lastKnownFileType = file.storyboard; name = Base; path = Base.lproj/Main.storyboard; sourceTree = "<group>"; };
		449332071AF017BA0032B29E /* Images.xcassets */ = {isa = PBXFileReference; lastKnownFileType = folder.assetcatalog; path = Images.xcassets; sourceTree = "<group>"; };
		4493320A1AF017BA0032B29E /* Base */ = {isa = PBXFileReference; lastKnownFileType = file.xib; name = Base; path = Base.lproj/LaunchScreen.xib; sourceTree = "<group>"; };
		449332101AF017BA0032B29E /* LoginProjectTests.xctest */ = {isa = PBXFileReference; explicitFileType = wrapper.cfbundle; includeInIndex = 0; path = LoginProjectTests.xctest; sourceTree = BUILT_PRODUCTS_DIR; };
		449332151AF017BA0032B29E /* Info.plist */ = {isa = PBXFileReference; lastKnownFileType = text.plist.xml; path = Info.plist; sourceTree = "<group>"; };
		449332161AF017BA0032B29E /* LoginProjectTests.swift */ = {isa = PBXFileReference; lastKnownFileType = sourcecode.swift; path = LoginProjectTests.swift; sourceTree = "<group>"; };
		449332201AF018170032B29E /* LoginViewController.swift */ = {isa = PBXFileReference; fileEncoding = 4; lastKnownFileType = sourcecode.swift; path = LoginViewController.swift; sourceTree = "<group>"; };
		449332221AF0181F0032B29E /* CreateAccountViewController.swift */ = {isa = PBXFileReference; fileEncoding = 4; lastKnownFileType = sourcecode.swift; path = CreateAccountViewController.swift; sourceTree = "<group>"; };
		449332241AF0183A0032B29E /* MainViewController.swift */ = {isa = PBXFileReference; fileEncoding = 4; lastKnownFileType = sourcecode.swift; path = MainViewController.swift; sourceTree = "<group>"; };
		449C98BF1AF052D60039A749 /* LocalAuthentication.framework */ = {isa = PBXFileReference; lastKnownFileType = wrapper.framework; name = LocalAuthentication.framework; path = System/Library/Frameworks/LocalAuthentication.framework; sourceTree = SDKROOT; };
		449C98C11AF055F90039A749 /* Authenticate.swift */ = {isa = PBXFileReference; fileEncoding = 4; lastKnownFileType = sourcecode.swift; path = Authenticate.swift; sourceTree = "<group>"; };
/* End PBXFileReference section */

/* Begin PBXFrameworksBuildPhase section */
		449331F51AF017B90032B29E /* Frameworks */ = {
			isa = PBXFrameworksBuildPhase;
			buildActionMask = 2147483647;
			files = (
				449C98C01AF052D60039A749 /* LocalAuthentication.framework in Frameworks */,
			);
			runOnlyForDeploymentPostprocessing = 0;
		};
		4493320D1AF017BA0032B29E /* Frameworks */ = {
			isa = PBXFrameworksBuildPhase;
			buildActionMask = 2147483647;
			files = (
			);
			runOnlyForDeploymentPostprocessing = 0;
		};
/* End PBXFrameworksBuildPhase section */

/* Begin PBXGroup section */
		449331EF1AF017B90032B29E = {
			isa = PBXGroup;
			children = (
				449331FA1AF017B90032B29E /* LoginProject */,
				449332131AF017BA0032B29E /* LoginProjectTests */,
				449331F91AF017B90032B29E /* Products */,
			);
			sourceTree = "<group>";
		};
		449331F91AF017B90032B29E /* Products */ = {
			isa = PBXGroup;
			children = (
				449331F81AF017B90032B29E /* LoginProject.app */,
				449332101AF017BA0032B29E /* LoginProjectTests.xctest */,
			);
			name = Products;
			sourceTree = "<group>";
		};
		449331FA1AF017B90032B29E /* LoginProject */ = {
			isa = PBXGroup;
			children = (
				449331FD1AF017BA0032B29E /* AppDelegate.swift */,
				449332201AF018170032B29E /* LoginViewController.swift */,
				449C98C11AF055F90039A749 /* Authenticate.swift */,
				449332241AF0183A0032B29E /* MainViewController.swift */,
				449332221AF0181F0032B29E /* CreateAccountViewController.swift */,
				449332041AF017BA0032B29E /* Main.storyboard */,
				449332071AF017BA0032B29E /* Images.xcassets */,
				449332091AF017BA0032B29E /* LaunchScreen.xib */,
				449331FF1AF017BA0032B29E /* LoginProject.xcdatamodeld */,
				449331FB1AF017B90032B29E /* Supporting Files */,
			);
			path = LoginProject;
			sourceTree = "<group>";
		};
		449331FB1AF017B90032B29E /* Supporting Files */ = {
			isa = PBXGroup;
			children = (
				449C98BF1AF052D60039A749 /* LocalAuthentication.framework */,
				449331FC1AF017B90032B29E /* Info.plist */,
			);
			name = "Supporting Files";
			sourceTree = "<group>";
		};
		449332131AF017BA0032B29E /* LoginProjectTests */ = {
			isa = PBXGroup;
			children = (
				449332161AF017BA0032B29E /* LoginProjectTests.swift */,
				449332141AF017BA0032B29E /* Supporting Files */,
			);
			path = LoginProjectTests;
			sourceTree = "<group>";
		};
		449332141AF017BA0032B29E /* Supporting Files */ = {
			isa = PBXGroup;
			children = (
				449332151AF017BA0032B29E /* Info.plist */,
			);
			name = "Supporting Files";
			sourceTree = "<group>";
		};
/* End PBXGroup section */

/* Begin PBXNativeTarget section */
		449331F71AF017B90032B29E /* LoginProject */ = {
			isa = PBXNativeTarget;
			buildConfigurationList = 4493321A1AF017BA0032B29E /* Build configuration list for PBXNativeTarget "LoginProject" */;
			buildPhases = (
				449331F41AF017B90032B29E /* Sources */,
				449331F51AF017B90032B29E /* Frameworks */,
				449331F61AF017B90032B29E /* Resources */,
			);
			buildRules = (
			);
			dependencies = (
			);
			name = LoginProject;
			productName = LoginProject;
			productReference = 449331F81AF017B90032B29E /* LoginProject.app */;
			productType = "com.apple.product-type.application";
		};
		4493320F1AF017BA0032B29E /* LoginProjectTests */ = {
			isa = PBXNativeTarget;
			buildConfigurationList = 4493321D1AF017BA0032B29E /* Build configuration list for PBXNativeTarget "LoginProjectTests" */;
			buildPhases = (
				4493320C1AF017BA0032B29E /* Sources */,
				4493320D1AF017BA0032B29E /* Frameworks */,
				4493320E1AF017BA0032B29E /* Resources */,
			);
			buildRules = (
			);
			dependencies = (
				449332121AF017BA0032B29E /* PBXTargetDependency */,
			);
			name = LoginProjectTests;
			productName = LoginProjectTests;
			productReference = 449332101AF017BA0032B29E /* LoginProjectTests.xctest */;
			productType = "com.apple.product-type.bundle.unit-test";
		};
/* End PBXNativeTarget section */

/* Begin PBXProject section */
		449331F01AF017B90032B29E /* Project object */ = {
			isa = PBXProject;
			attributes = {
				LastUpgradeCheck = 0630;
				ORGANIZATIONNAME = MadKitty;
				TargetAttributes = {
					449331F71AF017B90032B29E = {
						CreatedOnToolsVersion = 6.3.1;
					};
					4493320F1AF017BA0032B29E = {
						CreatedOnToolsVersion = 6.3.1;
						TestTargetID = 449331F71AF017B90032B29E;
					};
				};
			};
			buildConfigurationList = 449331F31AF017B90032B29E /* Build configuration list for PBXProject "LoginProject" */;
			compatibilityVersion = "Xcode 3.2";
			developmentRegion = English;
			hasScannedForEncodings = 0;
			knownRegions = (
				en,
				Base,
			);
			mainGroup = 449331EF1AF017B90032B29E;
			productRefGroup = 449331F91AF017B90032B29E /* Products */;
			projectDirPath = "";
			projectRoot = "";
			targets = (
				449331F71AF017B90032B29E /* LoginProject */,
				4493320F1AF017BA0032B29E /* LoginProjectTests */,
			);
		};
/* End PBXProject section */

/* Begin PBXResourcesBuildPhase section */
		449331F61AF017B90032B29E /* Resources */ = {
			isa = PBXResourcesBuildPhase;
			buildActionMask = 2147483647;
			files = (
				449332061AF017BA0032B29E /* Main.storyboard in Resources */,
				4493320B1AF017BA0032B29E /* LaunchScreen.xib in Resources */,
				449332081AF017BA0032B29E /* Images.xcassets in Resources */,
			);
			runOnlyForDeploymentPostprocessing = 0;
		};
		4493320E1AF017BA0032B29E /* Resources */ = {
			isa = PBXResourcesBuildPhase;
			buildActionMask = 2147483647;
			files = (
			);
			runOnlyForDeploymentPostprocessing = 0;
		};
/* End PBXResourcesBuildPhase section */

/* Begin PBXSourcesBuildPhase section */
		449331F41AF017B90032B29E /* Sources */ = {
			isa = PBXSourcesBuildPhase;
			buildActionMask = 2147483647;
			files = (
				449332231AF0181F0032B29E /* CreateAccountViewController.swift in Sources */,
				449332211AF018170032B29E /* LoginViewController.swift in Sources */,
				449C98C21AF055F90039A749 /* Authenticate.swift in Sources */,
				449331FE1AF017BA0032B29E /* AppDelegate.swift in Sources */,
				449332011AF017BA0032B29E /* LoginProject.xcdatamodeld in Sources */,
				449332251AF0183A0032B29E /* MainViewController.swift in Sources */,
			);
			runOnlyForDeploymentPostprocessing = 0;
		};
		4493320C1AF017BA0032B29E /* Sources */ = {
			isa = PBXSourcesBuildPhase;
			buildActionMask = 2147483647;
			files = (
				449332171AF017BA0032B29E /* LoginProjectTests.swift in Sources */,
			);
			runOnlyForDeploymentPostprocessing = 0;
		};
/* End PBXSourcesBuildPhase section */

/* Begin PBXTargetDependency section */
		449332121AF017BA0032B29E /* PBXTargetDependency */ = {
			isa = PBXTargetDependency;
			target = 449331F71AF017B90032B29E /* LoginProject */;
			targetProxy = 449332111AF017BA0032B29E /* PBXContainerItemProxy */;
		};
/* End PBXTargetDependency section */

/* Begin PBXVariantGroup section */
		449332041AF017BA0032B29E /* Main.storyboard */ = {
			isa = PBXVariantGroup;
			children = (
				449332051AF017BA0032B29E /* Base */,
			);
			name = Main.storyboard;
			sourceTree = "<group>";
		};
		449332091AF017BA0032B29E /* LaunchScreen.xib */ = {
			isa = PBXVariantGroup;
			children = (
				4493320A1AF017BA0032B29E /* Base */,
			);
			name = LaunchScreen.xib;
			sourceTree = "<group>";
		};
/* End PBXVariantGroup section */

/* Begin XCBuildConfiguration section */
		449332181AF017BA0032B29E /* Debug */ = {
			isa = XCBuildConfiguration;
			buildSettings = {
				ALWAYS_SEARCH_USER_PATHS = NO;
				CLANG_CXX_LANGUAGE_STANDARD = "gnu++0x";
				CLANG_CXX_LIBRARY = "libc++";
				CLANG_ENABLE_MODULES = YES;
				CLANG_ENABLE_OBJC_ARC = YES;
				CLANG_WARN_BOOL_CONVERSION = YES;
				CLANG_WARN_CONSTANT_CONVERSION = YES;
				CLANG_WARN_DIRECT_OBJC_ISA_USAGE = YES_ERROR;
				CLANG_WARN_EMPTY_BODY = YES;
				CLANG_WARN_ENUM_CONVERSION = YES;
				CLANG_WARN_INT_CONVERSION = YES;
				CLANG_WARN_OBJC_ROOT_CLASS = YES_ERROR;
				CLANG_WARN_UNREACHABLE_CODE = YES;
				CLANG_WARN__DUPLICATE_METHOD_MATCH = YES;
				"CODE_SIGN_IDENTITY[sdk=iphoneos*]" = "iPhone Developer";
				COPY_PHASE_STRIP = NO;
				DEBUG_INFORMATION_FORMAT = "dwarf-with-dsym";
				ENABLE_STRICT_OBJC_MSGSEND = YES;
				GCC_C_LANGUAGE_STANDARD = gnu99;
				GCC_DYNAMIC_NO_PIC = NO;
				GCC_NO_COMMON_BLOCKS = YES;
				GCC_OPTIMIZATION_LEVEL = 0;
				GCC_PREPROCESSOR_DEFINITIONS = (
					"DEBUG=1",
					"$(inherited)",
				);
				GCC_SYMBOLS_PRIVATE_EXTERN = NO;
				GCC_WARN_64_TO_32_BIT_CONVERSION = YES;
				GCC_WARN_ABOUT_RETURN_TYPE = YES_ERROR;
				GCC_WARN_UNDECLARED_SELECTOR = YES;
				GCC_WARN_UNINITIALIZED_AUTOS = YES_AGGRESSIVE;
				GCC_WARN_UNUSED_FUNCTION = YES;
				GCC_WARN_UNUSED_VARIABLE = YES;
				IPHONEOS_DEPLOYMENT_TARGET = 8.3;
				MTL_ENABLE_DEBUG_INFO = YES;
				ONLY_ACTIVE_ARCH = YES;
				SDKROOT = iphoneos;
				SWIFT_OPTIMIZATION_LEVEL = "-Onone";
				TARGETED_DEVICE_FAMILY = "1,2";
			};
			name = Debug;
		};
		449332191AF017BA0032B29E /* Release */ = {
			isa = XCBuildConfiguration;
			buildSettings = {
				ALWAYS_SEARCH_USER_PATHS = NO;
				CLANG_CXX_LANGUAGE_STANDARD = "gnu++0x";
				CLANG_CXX_LIBRARY = "libc++";
				CLANG_ENABLE_MODULES = YES;
				CLANG_ENABLE_OBJC_ARC = YES;
				CLANG_WARN_BOOL_CONVERSION = YES;
				CLANG_WARN_CONSTANT_CONVERSION = YES;
				CLANG_WARN_DIRECT_OBJC_ISA_USAGE = YES_ERROR;
				CLANG_WARN_EMPTY_BODY = YES;
				CLANG_WARN_ENUM_CONVERSION = YES;
				CLANG_WARN_INT_CONVERSION = YES;
				CLANG_WARN_OBJC_ROOT_CLASS = YES_ERROR;
				CLANG_WARN_UNREACHABLE_CODE = YES;
				CLANG_WARN__DUPLICATE_METHOD_MATCH = YES;
				"CODE_SIGN_IDENTITY[sdk=iphoneos*]" = "iPhone Developer";
				COPY_PHASE_STRIP = NO;
				DEBUG_INFORMATION_FORMAT = "dwarf-with-dsym";
				ENABLE_NS_ASSERTIONS = NO;
				ENABLE_STRICT_OBJC_MSGSEND = YES;
				GCC_C_LANGUAGE_STANDARD = gnu99;
				GCC_NO_COMMON_BLOCKS = YES;
				GCC_WARN_64_TO_32_BIT_CONVERSION = YES;
				GCC_WARN_ABOUT_RETURN_TYPE = YES_ERROR;
				GCC_WARN_UNDECLARED_SELECTOR = YES;
				GCC_WARN_UNINITIALIZED_AUTOS = YES_AGGRESSIVE;
				GCC_WARN_UNUSED_FUNCTION = YES;
				GCC_WARN_UNUSED_VARIABLE = YES;
				IPHONEOS_DEPLOYMENT_TARGET = 8.3;
				MTL_ENABLE_DEBUG_INFO = NO;
				SDKROOT = iphoneos;
				TARGETED_DEVICE_FAMILY = "1,2";
				VALIDATE_PRODUCT = YES;
			};
			name = Release;
		};
		4493321B1AF017BA0032B29E /* Debug */ = {
			isa = XCBuildConfiguration;
			buildSettings = {
				ASSETCATALOG_COMPILER_APPICON_NAME = AppIcon;
				INFOPLIST_FILE = LoginProject/Info.plist;
				LD_RUNPATH_SEARCH_PATHS = "$(inherited) @executable_path/Frameworks";
				PRODUCT_NAME = "$(TARGET_NAME)";
			};
			name = Debug;
		};
		4493321C1AF017BA0032B29E /* Release */ = {
			isa = XCBuildConfiguration;
			buildSettings = {
				ASSETCATALOG_COMPILER_APPICON_NAME = AppIcon;
				INFOPLIST_FILE = LoginProject/Info.plist;
				LD_RUNPATH_SEARCH_PATHS = "$(inherited) @executable_path/Frameworks";
				PRODUCT_NAME = "$(TARGET_NAME)";
			};
			name = Release;
		};
		4493321E1AF017BA0032B29E /* Debug */ = {
			isa = XCBuildConfiguration;
			buildSettings = {
				BUNDLE_LOADER = "$(TEST_HOST)";
				FRAMEWORK_SEARCH_PATHS = (
					"$(SDKROOT)/Developer/Library/Frameworks",
					"$(inherited)",
				);
				GCC_PREPROCESSOR_DEFINITIONS = (
					"DEBUG=1",
					"$(inherited)",
				);
				INFOPLIST_FILE = LoginProjectTests/Info.plist;
				LD_RUNPATH_SEARCH_PATHS = "$(inherited) @executable_path/Frameworks @loader_path/Frameworks";
				PRODUCT_NAME = "$(TARGET_NAME)";
				TEST_HOST = "$(BUILT_PRODUCTS_DIR)/LoginProject.app/LoginProject";
			};
			name = Debug;
		};
		4493321F1AF017BA0032B29E /* Release */ = {
			isa = XCBuildConfiguration;
			buildSettings = {
				BUNDLE_LOADER = "$(TEST_HOST)";
				FRAMEWORK_SEARCH_PATHS = (
					"$(SDKROOT)/Developer/Library/Frameworks",
					"$(inherited)",
				);
				INFOPLIST_FILE = LoginProjectTests/Info.plist;
				LD_RUNPATH_SEARCH_PATHS = "$(inherited) @executable_path/Frameworks @loader_path/Frameworks";
				PRODUCT_NAME = "$(TARGET_NAME)";
				TEST_HOST = "$(BUILT_PRODUCTS_DIR)/LoginProject.app/LoginProject";
			};
			name = Release;
		};
/* End XCBuildConfiguration section */

/* Begin XCConfigurationList section */
		449331F31AF017B90032B29E /* Build configuration list for PBXProject "LoginProject" */ = {
			isa = XCConfigurationList;
			buildConfigurations = (
				449332181AF017BA0032B29E /* Debug */,
				449332191AF017BA0032B29E /* Release */,
			);
			defaultConfigurationIsVisible = 0;
			defaultConfigurationName = Release;
		};
		4493321A1AF017BA0032B29E /* Build configuration list for PBXNativeTarget "LoginProject" */ = {
			isa = XCConfigurationList;
			buildConfigurations = (
				4493321B1AF017BA0032B29E /* Debug */,
				4493321C1AF017BA0032B29E /* Release */,
			);
			defaultConfigurationIsVisible = 0;
			defaultConfigurationName = Release;
		};
		4493321D1AF017BA0032B29E /* Build configuration list for PBXNativeTarget "LoginProjectTests" */ = {
			isa = XCConfigurationList;
			buildConfigurations = (
				4493321E1AF017BA0032B29E /* Debug */,
				4493321F1AF017BA0032B29E /* Release */,
			);
			defaultConfigurationIsVisible = 0;
			defaultConfigurationName = Release;
		};
/* End XCConfigurationList section */

/* Begin XCVersionGroup section */
		449331FF1AF017BA0032B29E /* LoginProject.xcdatamodeld */ = {
			isa = XCVersionGroup;
			children = (
				449332001AF017BA0032B29E /* LoginProject.xcdatamodel */,
			);
			currentVersion = 449332001AF017BA0032B29E /* LoginProject.xcdatamodel */;
			path = LoginProject.xcdatamodeld;
			sourceTree = "<group>";
			versionGroupType = wrapper.xcdatamodel;
		};
/* End XCVersionGroup section */
	};
	rootObject = 449331F01AF017B90032B29E /* Project object */;
}
